<?xml version="1.0" encoding="utf-8"?>
<Project ToolsVersion="4.0" xmlns="http://schemas.microsoft.com/developer/msbuild/2003">
  <ItemGroup>
    <ResourceCompile Include="Assignment1.rc" />
  </ItemGroup>
  <ItemGroup>
    <ClCompile Include="Source\EventManager.cpp" />
    <ClCompile Include="Source\main.cpp" />
    <ClCompile Include="Source\Path.cpp" />
    <ClCompile Include="Source\Renderer.cpp" />
    <ClCompile Include="Source\World.cpp" />
    <ClCompile Include="Source\BSpline\BSpline.cpp">
      <Filter>BSpline</Filter>
    </ClCompile>
    <ClCompile Include="Source\BSpline\BSplineCamera.cpp">
      <Filter>BSpline</Filter>
    </ClCompile>
    <ClCompile Include="Source\Camera\Camera.cpp">
      <Filter>Camera</Filter>
    </ClCompile>
    <ClCompile Include="Source\Camera\StaticCamera.cpp">
      <Filter>Camera</Filter>
    </ClCompile>
    <ClCompile Include="Source\Camera\ThirdPersonCamera.cpp">
      <Filter>Camera</Filter>
    </ClCompile>
    <ClCompile Include="Source\Model_Classes\CubeModel.cpp">
      <Filter>Model_Classes</Filter>
    </ClCompile>
    <ClCompile Include="Source\Model_Classes\Model.cpp">
      <Filter>Model_Classes</Filter>
    </ClCompile>
    <ClCompile Include="Source\Model_Classes\SheepModel.cpp">
      <Filter>Model_Classes</Filter>
    </ClCompile>
    <ClCompile Include="Source\Model_Classes\SphereModel.cpp">
      <Filter>Model_Classes</Filter>
    </ClCompile>
    <ClCompile Include="Source\Model_Classes\WormModel.cpp">
      <Filter>Model_Classes</Filter>
    </ClCompile>
  </ItemGroup>
  <ItemGroup>
    <None Include="..\Scenes\BSplineScene.scene" />
    <None Include="..\Scenes\CoordinateSystem.scene" />
    <None Include="..\Scenes\PathScene.scene" />
    <None Include="..\Source\Shaders\Gouraud.fragmentshader" />
    <None Include="..\Source\Shaders\Gouraud.vertexshader" />
    <None Include="..\Source\Shaders\Phong.fragmentshader" />
    <None Include="..\Source\Shaders\Phong.vertexshader" />
    <ClInclude Include="Source\EventManager.h" />
    <ClInclude Include="Source\ParsingHelper.h" />
    <ClInclude Include="Source\Path.h" />
    <ClInclude Include="Source\Renderer.h" />
    <ClInclude Include="Source\World.h" />
    <ClInclude Include="Source\BSpline\BSpline.h">
      <Filter>BSpline</Filter>
    </ClInclude>
    <ClInclude Include="Source\BSpline\BSplineCamera.h">
      <Filter>BSpline</Filter>
    </ClInclude>
    <ClInclude Include="Source\Camera\Camera.h">
      <Filter>Camera</Filter>
    </ClInclude>
    <ClInclude Include="Source\Camera\StaticCamera.h">
      <Filter>Camera</Filter>
    </ClInclude>
    <ClInclude Include="Source\Camera\ThirdPersonCamera.h">
      <Filter>Camera</Filter>
    </ClInclude>
    <ClInclude Include="Source\Model_Classes\CubeModel.h">
      <Filter>Model_Classes</Filter>
    </ClInclude>
    <ClInclude Include="Source\Model_Classes\Model.h">
      <Filter>Model_Classes</Filter>
    </ClInclude>
    <ClInclude Include="Source\Model_Classes\OBJLoader.h">
      <Filter>Model_Classes</Filter>
    </ClInclude>
    <ClInclude Include="Source\Model_Classes\SheepModel.h">
      <Filter>Model_Classes</Filter>
    </ClInclude>
    <ClInclude Include="Source\Model_Classes\SphereModel.h">
      <Filter>Model_Classes</Filter>
    </ClInclude>
    <ClInclude Include="Source\Model_Classes\WormModel.h">
      <Filter>Model_Classes</Filter>
    </ClInclude>
  </ItemGroup>
  <ItemGroup>
    <Filter Include="BSpline">
      <UniqueIdentifier>{fda8af00-d2ae-404b-8912-bc9e9b3dd675}</UniqueIdentifier>
    </Filter>
    <Filter Include="Camera">
      <UniqueIdentifier>{d2e2c3d5-4446-4f38-b7e4-f5275a1af27a}</UniqueIdentifier>
    </Filter>
    <Filter Include="Model_Classes">
      <UniqueIdentifier>{2427bacf-57f2-48a0-9b44-a7f563db9fbd}</UniqueIdentifier>
    </Filter>
    <Filter Include="Shader">
      <UniqueIdentifier>{24189de9-8db4-439e-81fb-44f1d913ce5c}</UniqueIdentifier>
    </Filter>
  </ItemGroup>
  <ItemGroup>
    <None Include="..\Source\Shaders\BlueColor.fragmentshader">
      <Filter>Shader</Filter>
    </None>
    <None Include="..\Source\Shaders\SolidColor.vertexshader">
      <Filter>Shader</Filter>
    </None>
    <None Include="..\Source\Shaders\SolidColor.fragmentshader">
      <Filter>Shader</Filter>
    </None>
    <None Include="..\Source\Shaders\PathLines.fragmentshader">
      <Filter>Shader</Filter>
    </None>
    <None Include="..\Source\Shaders\PathLines.vertexshader">
      <Filter>Shader</Filter>
    </None>
  </ItemGroup>
</Project>