<?xml version="1.0" encoding="utf-8"?>
<Project ToolsVersion="4.0" xmlns="http://schemas.microsoft.com/developer/msbuild/2003">
  <ItemGroup>
    <ClInclude Include="resource.h" />
    <ClInclude Include="Source\Model_Classes\CubeModel.h">
      <Filter>Model_Classes</Filter>
    </ClInclude>
    <ClInclude Include="Source\Model_Classes\Model.h">
      <Filter>Model_Classes</Filter>
    </ClInclude>
    <ClInclude Include="Source\Model_Classes\OBJLoader.h">
      <Filter>Model_Classes</Filter>
    </ClInclude>
    <ClInclude Include="Source\Model_Classes\SheepModel.h">
      <Filter>Model_Classes</Filter>
    </ClInclude>
    <ClInclude Include="Source\Model_Classes\SphereModel.h">
      <Filter>Model_Classes</Filter>
    </ClInclude>
    <ClInclude Include="Source\Model_Classes\WormModel.h">
      <Filter>Model_Classes</Filter>
    </ClInclude>
    <ClInclude Include="Source\BSpline\BSpline.h">
      <Filter>BSpline</Filter>
    </ClInclude>
    <ClInclude Include="Source\BSpline\BSplineCamera.h">
      <Filter>BSpline</Filter>
    </ClInclude>
    <ClInclude Include="Source\Camera\Camera.h">
      <Filter>Camera</Filter>
    </ClInclude>
    <ClInclude Include="Source\Camera\StaticCamera.h">
      <Filter>Camera</Filter>
    </ClInclude>
    <ClInclude Include="Source\Camera\ThirdPersonCamera.h">
      <Filter>Camera</Filter>
    </ClInclude>
    <ClInclude Include="Source\EventManager.h" />
    <ClInclude Include="Source\ParsingHelper.h" />
    <ClInclude Include="Source\Path.h" />
    <ClInclude Include="Source\Renderer.h" />
    <ClInclude Include="Source\World.h" />
    <ClInclude Include="Source\AssetsManager.hpp" />
    <ClInclude Include="Source\Model_Classes\MeshModel.hpp" />
    <ClInclude Include="..\ThirdParty\tinyObj\tiny_obj_loader.h">
      <Filter>ExtInc</Filter>
    </ClInclude>
    <ClInclude Include="Source\Model_Classes\SheepObjloader.hpp">
      <Filter>Model_Classes</Filter>
    </ClInclude>
    <ClInclude Include="Source\Model_Classes\SheepTexture.hpp">
      <Filter>Model_Classes</Filter>
    </ClInclude>
    <ClInclude Include="Source\Model_Classes\ObjMesh.hpp">
      <Filter>Model_Classes</Filter>
    </ClInclude>
    <ClInclude Include="Source\Model_Classes\SheepParticleModel.h">
      <Filter>Model_Classes</Filter>
    </ClInclude>
  </ItemGroup>
  <ItemGroup>
    <None Include="..\Scenes\BSplineScene.scene">
      <Filter>Shaders</Filter>
    </None>
    <None Include="..\Scenes\CoordinateSystem.scene">
      <Filter>Shaders</Filter>
    </None>
    <None Include="..\Source\Shaders\Gouraud.fragmentshader">
      <Filter>Shaders</Filter>
    </None>
    <None Include="..\Source\Shaders\Gouraud.vertexshader">
      <Filter>Shaders</Filter>
    </None>
    <None Include="..\Scenes\PathScene.scene">
      <Filter>Shaders</Filter>
    </None>
    <None Include="..\Source\Shaders\Phong.fragmentshader">
      <Filter>Shaders</Filter>
    </None>
    <None Include="..\Source\Shaders\Phong.vertexshader">
      <Filter>Shaders</Filter>
    </None>
    <None Include="..\Source\Shaders\SheepFragmentShader.fragmentshader">
      <Filter>Shaders</Filter>
    </None>
    <None Include="..\Source\Shaders\SheepVertexShader.vertexshader">
      <Filter>Shaders</Filter>
    </None>
    <None Include="..\Source\Shaders\SheepParticle.fragmentshader">
      <Filter>Shaders</Filter>
    </None>
    <None Include="..\Source\Shaders\SheepParticle.vertexshader">
      <Filter>Shaders</Filter>
    </None>
  </ItemGroup>
  <ItemGroup>
    <ResourceCompile Include="Assignment1.rc" />
  </ItemGroup>
  <ItemGroup>
    <Filter Include="Model_Classes">
      <UniqueIdentifier>{fc5afffe-69f2-4876-9403-e4fe5ab06694}</UniqueIdentifier>
    </Filter>
    <Filter Include="Shaders">
      <UniqueIdentifier>{d936b5ca-4693-46a2-b691-f76ad2e45bd0}</UniqueIdentifier>
    </Filter>
    <Filter Include="BSpline">
      <UniqueIdentifier>{e5f9004f-5098-4dfb-ab40-a13002c66629}</UniqueIdentifier>
    </Filter>
    <Filter Include="Camera">
      <UniqueIdentifier>{f36eb82b-90c2-49cc-ae3e-c46087fa7550}</UniqueIdentifier>
    </Filter>
    <Filter Include="ExtInc">
      <UniqueIdentifier>{7000ba97-b4db-49b8-9918-2c2e66ef5867}</UniqueIdentifier>
    </Filter>
  </ItemGroup>
  <ItemGroup>
    <ClCompile Include="Source\Model_Classes\CubeModel.cpp">
      <Filter>Model_Classes</Filter>
    </ClCompile>
    <ClCompile Include="Source\Model_Classes\Model.cpp">
      <Filter>Model_Classes</Filter>
    </ClCompile>
    <ClCompile Include="Source\Model_Classes\SheepModel.cpp">
      <Filter>Model_Classes</Filter>
    </ClCompile>
    <ClCompile Include="Source\Model_Classes\SphereModel.cpp">
      <Filter>Model_Classes</Filter>
    </ClCompile>
    <ClCompile Include="Source\Model_Classes\WormModel.cpp">
      <Filter>Model_Classes</Filter>
    </ClCompile>
    <ClCompile Include="Source\BSpline\BSpline.cpp">
      <Filter>BSpline</Filter>
    </ClCompile>
    <ClCompile Include="Source\BSpline\BSplineCamera.cpp">
      <Filter>BSpline</Filter>
    </ClCompile>
    <ClCompile Include="Source\Camera\Camera.cpp">
      <Filter>Camera</Filter>
    </ClCompile>
    <ClCompile Include="Source\Camera\StaticCamera.cpp">
      <Filter>Camera</Filter>
    </ClCompile>
    <ClCompile Include="Source\Camera\ThirdPersonCamera.cpp">
      <Filter>Camera</Filter>
    </ClCompile>
    <ClCompile Include="Source\EventManager.cpp" />
    <ClCompile Include="Source\main.cpp" />
    <ClCompile Include="Source\Path.cpp" />
    <ClCompile Include="Source\Renderer.cpp" />
    <ClCompile Include="Source\World.cpp" />
    <ClCompile Include="..\ThirdParty\tinyObj\tiny_obj_loader.cc">
      <Filter>ExtInc</Filter>
    </ClCompile>
    <ClCompile Include="Source\Model_Classes\SheepObjloader.cpp">
      <Filter>Model_Classes</Filter>
    </ClCompile>
    <ClCompile Include="Source\Model_Classes\SheepTexture.cpp">
      <Filter>Model_Classes</Filter>
    </ClCompile>
    <ClCompile Include="Source\Model_Classes\SheepParticleModel.cpp">
      <Filter>Model_Classes</Filter>
    </ClCompile>
  </ItemGroup>
  <ItemGroup>
    <Library Include="..\ThirdParty\soil\SOIL.lib">
      <Filter>ExtInc</Filter>
    </Library>
  </ItemGroup>
  <ItemGroup>
    <FxCompile Include="GeometryShader.hlsl">
      <Filter>Shaders</Filter>
    </FxCompile>
  </ItemGroup>
</Project>