<?xml version="1.0" encoding="utf-8"?>
<Project ToolsVersion="4.0" xmlns="http://schemas.microsoft.com/developer/msbuild/2003">
  <ItemGroup>
    <ClCompile Include="..\Objects\Obj file and Sheep Model Class\SheepModel.cpp" />
    <ClCompile Include="..\Source\BSpline.cpp" />
    <ClCompile Include="..\Source\BSplineCamera.cpp" />
    <ClCompile Include="..\Source\Camera.cpp" />
    <ClCompile Include="..\Source\Path.cpp" />
    <ClCompile Include="..\Source\SphereModel.cpp" />
    <ClCompile Include="..\Source\StaticCamera.cpp" />
    <ClCompile Include="..\Source\EventManager.cpp" />
    <ClCompile Include="..\Source\main.cpp" />
    <ClCompile Include="..\Source\Model.cpp" />
    <ClCompile Include="..\Source\CubeModel.cpp" />
    <ClCompile Include="..\Source\Renderer.cpp" />
    <ClCompile Include="..\Source\ThirdPersonCamera.cpp" />
    <ClCompile Include="..\Source\World.cpp" />
    <ClCompile Include="..\Objects\Obj file and Sheep Model Class\WormModel.cpp" />
  </ItemGroup>
  <ItemGroup>
    <ClInclude Include="..\Objects\Obj file and Sheep Model Class\SheepModel.h" />
    <ClInclude Include="..\Source\BSpline.h" />
    <ClInclude Include="..\Source\BSplineCamera.h" />
    <ClInclude Include="..\Source\Camera.h" />
    <ClInclude Include="..\Source\ParsingHelper.h" />
    <ClInclude Include="..\Source\Path.h" />
    <ClInclude Include="..\Source\SphereModel.h" />
    <ClInclude Include="..\Source\StaticCamera.h" />
    <ClInclude Include="..\Source\EventManager.h" />
    <ClInclude Include="..\Source\CubeModel.h" />
    <ClInclude Include="..\Source\Renderer.h" />
    <ClInclude Include="..\Source\ThirdPersonCamera.h" />
    <ClInclude Include="..\Source\World.h" />
    <ClInclude Include="resource.h" />
    <ClInclude Include="..\Objects\Obj file and Sheep Model Class\OBJLoader.h" />
    <ClInclude Include="..\Objects\Obj file and Sheep Model Class\WormModel.h" />
    <ClInclude Include="..\Source\Model.h" />
  </ItemGroup>
  <ItemGroup>
    <None Include="..\Scenes\BSplineScene.scene" />
    <None Include="..\Scenes\CoordinateSystem.scene" />
    <None Include="..\Scenes\PathScene.scene" />
    <None Include="..\Source\Shaders\Gouraud.fragmentshader" />
    <None Include="..\Source\Shaders\Gouraud.vertexshader" />
    <None Include="..\Source\Shaders\Phong.fragmentshader" />
    <None Include="..\Source\Shaders\Phong.vertexshader" />
  </ItemGroup>
  <ItemGroup>
    <ResourceCompile Include="Assignment1.rc" />
  </ItemGroup>
</Project>